
Microsoft Visual Studio Solution File, Format Version 12.00
# Visual Studio 15
VisualStudioVersion = 15.0.28307.329
MinimumVisualStudioVersion = 10.0.40219.1
Project("{FAE04EC0-301F-11D3-BF4B-00C04F79EFBC}") = "graphics2019", "graphics2019\graphics2019.csproj", "{61FB007A-6D18-40A8-91FC-E271DDF332A4}"
EndProject
Global
	GlobalSection(SolutionConfigurationPlatforms) = preSolution
		Debug|Any CPU = Debug|Any CPU
		Release|Any CPU = Release|Any CPU
	EndGlobalSection
	GlobalSection(ProjectConfigurationPlatforms) = postSolution
		{61FB007A-6D18-40A8-91FC-E271DDF332A4}.Debug|Any CPU.ActiveCfg = Debug|Any CPU
		{61FB007A-6D18-40A8-91FC-E271DDF332A4}.Debug|Any CPU.Build.0 = Debug|Any CPU
		{61FB007A-6D18-40A8-91FC-E271DDF332A4}.Release|Any CPU.ActiveCfg = Release|Any CPU
		{61FB007A-6D18-40A8-91FC-E271DDF332A4}.Release|Any CPU.Build.0 = Release|Any CPU
	EndGlobalSection
	GlobalSection(SolutionProperties) = preSolution
		HideSolutionNode = FALSE
	EndGlobalSection
	GlobalSection(ExtensibilityGlobals) = postSolution
		SolutionGuid = {58359086-B008-476A-8D54-C8A4CC9B12DB}
	EndGlobalSection
EndGlobal
